<?xml version="1.0" encoding="utf-8"?>
<Project ToolsVersion="4.0" xmlns="http://schemas.microsoft.com/developer/msbuild/2003">
  <ItemGroup>
    <Filter Include="Shaders">
      <UniqueIdentifier>{a5528da6-895c-420d-b6b4-5c22cda97988}</UniqueIdentifier>
    </Filter>
    <Filter Include="Source">
      <UniqueIdentifier>{08157517-ead0-4934-9118-87c1588ebe7f}</UniqueIdentifier>
    </Filter>
  </ItemGroup>
  <ItemGroup>
    <ClInclude Include="CBuffers.h">
      <Filter>Shaders</Filter>
    </ClInclude>
    <ClInclude Include="DSSDO_Kernel.h">
      <Filter>Shaders</Filter>
    </ClInclude>
    <ClInclude Include="GBufferCommon.h">
      <Filter>Shaders</Filter>
    </ClInclude>
    <ClInclude Include="AssetLoaders.h">
      <Filter>Source</Filter>
    </ClInclude>
    <ClInclude Include="DeferredRenderer.h">
      <Filter>Source</Filter>
    </ClInclude>
    <ClInclude Include="Matrix.h">
      <Filter>Source</Filter>
    </ClInclude>
    <ClInclude Include="PBREnvironment.h">
      <Filter>Source</Filter>
    </ClInclude>
    <ClInclude Include="RendererCommon.h">
      <Filter>Source</Filter>
    </ClInclude>
    <ClInclude Include="RenderingContext.h">
      <Filter>Source</Filter>
    </ClInclude>
    <ClInclude Include="RenderMesh.h">
      <Filter>Source</Filter>
    </ClInclude>
    <ClInclude Include="Vector.h">
      <Filter>Source</Filter>
    </ClInclude>
    <ClInclude Include="VertexTypes.h">
      <Filter>Source</Filter>
    </ClInclude>
    <ClInclude Include="stdafx.h" />
    <ClInclude Include="happy.h" />
    <ClInclude Include="Sphere.h">
      <Filter>Source</Filter>
    </ClInclude>
  </ItemGroup>
  <ItemGroup>
    <FxCompile Include="ConvolutionPS.hlsl">
      <Filter>Shaders</Filter>
    </FxCompile>
    <FxCompile Include="ConvolutionVS.hlsl">
      <Filter>Shaders</Filter>
    </FxCompile>
    <FxCompile Include="DeferredDirectionalOcclusion.hlsl">
      <Filter>Shaders</Filter>
    </FxCompile>
    <FxCompile Include="EnvironmentalLighting.hlsl">
      <Filter>Shaders</Filter>
    </FxCompile>
    <FxCompile Include="GeometryPS.hlsl">
      <Filter>Shaders</Filter>
    </FxCompile>
    <FxCompile Include="ScreenQuadVS.hlsl">
      <Filter>Shaders</Filter>
    </FxCompile>
    <FxCompile Include="VertexPositionNormalTangentBinormalTexcoord.hlsl">
      <Filter>Shaders</Filter>
    </FxCompile>
    <FxCompile Include="VertexPositionNormalTexcoord.hlsl">
      <Filter>Shaders</Filter>
    </FxCompile>
    <FxCompile Include="VertexPositionTexcoord.hlsl">
      <Filter>Shaders</Filter>
    </FxCompile>
    <FxCompile Include="PointLighting.hlsl">
      <Filter>Shaders</Filter>
    </FxCompile>
    <FxCompile Include="SphereVS.hlsl">
      <Filter>Shaders</Filter>
    </FxCompile>
  </ItemGroup>
  <ItemGroup>
    <ClCompile Include="DeferredRenderer.cpp">
      <Filter>Source</Filter>
    </ClCompile>
    <ClCompile Include="Mat3.cpp">
      <Filter>Source</Filter>
    </ClCompile>
    <ClCompile Include="Mat4.cpp">
      <Filter>Source</Filter>
    </ClCompile>
    <ClCompile Include="ObjLoader.cpp">
      <Filter>Source</Filter>
    </ClCompile>
    <ClCompile Include="PBREnvironment.cpp">
      <Filter>Source</Filter>
    </ClCompile>
    <ClCompile Include="RenderingContext.cpp">
      <Filter>Source</Filter>
    </ClCompile>
    <ClCompile Include="RenderMesh.cpp">
      <Filter>Source</Filter>
    </ClCompile>
    <ClCompile Include="VertexTypes.cpp">
      <Filter>Source</Filter>
    </ClCompile>
    <ClCompile Include="WICLoader.cpp">
      <Filter>Source</Filter>
    </ClCompile>
  </ItemGroup>
</Project>