<?xml version="1.0" encoding="utf-8"?>
<Project ToolsVersion="4.0" xmlns="http://schemas.microsoft.com/developer/msbuild/2003">
  <ItemGroup>
    <Filter Include="Shaders">
      <UniqueIdentifier>{a5528da6-895c-420d-b6b4-5c22cda97988}</UniqueIdentifier>
    </Filter>
    <Filter Include="Source">
      <UniqueIdentifier>{08157517-ead0-4934-9118-87c1588ebe7f}</UniqueIdentifier>
    </Filter>
    <Filter Include="Shaders\Particles">
      <UniqueIdentifier>{a4ab1a5c-c0c4-407e-91c3-7b364d5b6fcb}</UniqueIdentifier>
    </Filter>
    <Filter Include="Shaders\Lighting">
      <UniqueIdentifier>{5fb10ee0-251e-4eb0-9c0d-87914fbb304c}</UniqueIdentifier>
    </Filter>
    <Filter Include="Shaders\Vertex Formats">
      <UniqueIdentifier>{291dc83b-40a8-449b-9dee-fb144b86a891}</UniqueIdentifier>
    </Filter>
    <Filter Include="Shaders\Canvas">
      <UniqueIdentifier>{cc01d622-4fb8-40ee-9985-fd4e120f7788}</UniqueIdentifier>
    </Filter>
    <Filter Include="Shaders\Decals">
      <UniqueIdentifier>{4bed5f26-23a5-4c54-8d05-4dedf90fcbfc}</UniqueIdentifier>
    </Filter>
  </ItemGroup>
  <ItemGroup>
    <ClInclude Include="AssetLoaders.h">
      <Filter>Source</Filter>
    </ClInclude>
    <ClInclude Include="DeferredRenderer.h">
      <Filter>Source</Filter>
    </ClInclude>
    <ClInclude Include="PBREnvironment.h">
      <Filter>Source</Filter>
    </ClInclude>
    <ClInclude Include="RenderingContext.h">
      <Filter>Source</Filter>
    </ClInclude>
    <ClInclude Include="RenderMesh.h">
      <Filter>Source</Filter>
    </ClInclude>
    <ClInclude Include="VertexTypes.h">
      <Filter>Source</Filter>
    </ClInclude>
    <ClInclude Include="stdafx.h" />
    <ClInclude Include="happy.h" />
    <ClInclude Include="Sphere.h">
      <Filter>Source</Filter>
    </ClInclude>
    <ClInclude Include="Resources.h">
      <Filter>Source</Filter>
    </ClInclude>
    <ClInclude Include="RenderSkin.h">
      <Filter>Source</Filter>
    </ClInclude>
    <ClInclude Include="Animation.h">
      <Filter>Source</Filter>
    </ClInclude>
    <ClInclude Include="TextureHandle.h">
      <Filter>Source</Filter>
    </ClInclude>
    <ClInclude Include="Canvas.h">
      <Filter>Source</Filter>
    </ClInclude>
    <ClInclude Include="PostProcessItem.h">
      <Filter>Source</Filter>
    </ClInclude>
    <ClInclude Include="Cube.h">
      <Filter>Source</Filter>
    </ClInclude>
    <ClInclude Include="stb_image.h">
      <Filter>Source</Filter>
    </ClInclude>
    <ClInclude Include="MultiTexture.h">
      <Filter>Source</Filter>
    </ClInclude>
    <ClInclude Include="RenderTarget.h">
      <Filter>Source</Filter>
    </ClInclude>
    <ClInclude Include="RenderQueue.h">
      <Filter>Source</Filter>
    </ClInclude>
    <ClInclude Include="DeferredRendererConstBuffers.h">
      <Filter>Source</Filter>
    </ClInclude>
    <ClInclude Include="CBuffers.hlsli">
      <Filter>Shaders</Filter>
    </ClInclude>
    <ClInclude Include="GBufferCommon.hlsli">
      <Filter>Shaders</Filter>
    </ClInclude>
    <ClInclude Include="RendererCommon.hlsli">
      <Filter>Shaders</Filter>
    </ClInclude>
    <ClInclude Include="TimedDeviceContext.h">
      <Filter>Source</Filter>
    </ClInclude>
    <ClInclude Include="GraphicsTimer.h">
      <Filter>Source</Filter>
    </ClInclude>
    <ClInclude Include="WidgetBuffer.hpp">
      <Filter>Source</Filter>
    </ClInclude>
    <ClInclude Include="MeshController.h">
      <Filter>Source</Filter>
    </ClInclude>
    <ClInclude Include="SurfaceShader.h">
      <Filter>Source</Filter>
    </ClInclude>
  </ItemGroup>
  <ItemGroup>
    <FxCompile Include="ScreenQuadVS.hlsl">
      <Filter>Shaders</Filter>
    </FxCompile>
    <FxCompile Include="SphereVS.hlsl">
      <Filter>Shaders</Filter>
    </FxCompile>
    <FxCompile Include="DeferredShadingPBR_ao_extreme.hlsl">
      <Filter>Shaders\Lighting</Filter>
    </FxCompile>
    <FxCompile Include="DeferredShadingPBR_ao_high.hlsl">
      <Filter>Shaders\Lighting</Filter>
    </FxCompile>
    <FxCompile Include="DeferredShadingPBR_ao_low.hlsl">
      <Filter>Shaders\Lighting</Filter>
    </FxCompile>
    <FxCompile Include="DeferredShadingPBR_ao_normal.hlsl">
      <Filter>Shaders\Lighting</Filter>
    </FxCompile>
    <FxCompile Include="DeferredShadingPBR_extreme.hlsl">
      <Filter>Shaders\Lighting</Filter>
    </FxCompile>
    <FxCompile Include="DeferredShadingPBR_high.hlsl">
      <Filter>Shaders\Lighting</Filter>
    </FxCompile>
    <FxCompile Include="DeferredShadingPBR_low.hlsl">
      <Filter>Shaders\Lighting</Filter>
    </FxCompile>
    <FxCompile Include="DeferredShadingPBR_normal.hlsl">
      <Filter>Shaders\Lighting</Filter>
    </FxCompile>
    <FxCompile Include="GeometryPS.hlsl">
      <Filter>Shaders\Lighting</Filter>
    </FxCompile>
    <FxCompile Include="GeometryAlphaStippledPS.hlsl">
      <Filter>Shaders\Lighting</Filter>
    </FxCompile>
    <FxCompile Include="PointLighting.hlsl">
      <Filter>Shaders\Lighting</Filter>
    </FxCompile>
    <FxCompile Include="OccludedWidgetsPS.hlsl">
      <Filter>Shaders\Lighting</Filter>
    </FxCompile>
    <FxCompile Include="WidgetsPS.hlsl">
      <Filter>Shaders\Lighting</Filter>
    </FxCompile>
    <FxCompile Include="VertexPositionNormalTangentBinormalTexcoord.hlsl">
      <Filter>Shaders\Vertex Formats</Filter>
    </FxCompile>
    <FxCompile Include="VertexPositionNormalTangentBinormalTexcoordIndicesWeights.hlsl">
      <Filter>Shaders\Vertex Formats</Filter>
    </FxCompile>
    <FxCompile Include="VertexPositionNormalTexcoord.hlsl">
      <Filter>Shaders\Vertex Formats</Filter>
    </FxCompile>
    <FxCompile Include="VertexPositionTexcoord.hlsl">
      <Filter>Shaders\Vertex Formats</Filter>
    </FxCompile>
    <FxCompile Include="ParticlesVS.hlsl">
      <Filter>Shaders\Particles</Filter>
    </FxCompile>
    <FxCompile Include="ParticlesPS.hlsl">
      <Filter>Shaders\Particles</Filter>
    </FxCompile>
    <FxCompile Include="ParticlesProcGS.hlsl">
      <Filter>Shaders\Particles</Filter>
    </FxCompile>
    <FxCompile Include="ParticlesDrawGS.hlsl">
      <Filter>Shaders\Particles</Filter>
    </FxCompile>
    <FxCompile Include="CanvasPS.hlsl">
      <Filter>Shaders\Canvas</Filter>
    </FxCompile>
    <FxCompile Include="CanvasTexPS.hlsl">
      <Filter>Shaders\Canvas</Filter>
    </FxCompile>
    <FxCompile Include="CanvasVS.hlsl">
      <Filter>Shaders\Canvas</Filter>
    </FxCompile>
    <FxCompile Include="WidgetsPositionColor.hlsl">
      <Filter>Shaders\Vertex Formats</Filter>
    </FxCompile>
    <FxCompile Include="TAA.hlsl">
      <Filter>Shaders\Lighting</Filter>
    </FxCompile>
    <FxCompile Include="SSAO.hlsl">
      <Filter>Shaders\Lighting</Filter>
    </FxCompile>
    <FxCompile Include="ConvolutionVS.hlsl">
      <Filter>Shaders\Lighting</Filter>
    </FxCompile>
    <FxCompile Include="ConvolutionPS.hlsl">
      <Filter>Shaders\Lighting</Filter>
    </FxCompile>
    <FxCompile Include="ColorGrading.hlsl">
      <Filter>Shaders\Lighting</Filter>
    </FxCompile>
    <FxCompile Include="EnvironmentalLighting.hlsl">
      <Filter>Shaders\Lighting</Filter>
    </FxCompile>
    <FxCompile Include="DecalsPS.hlsl">
      <Filter>Shaders\Decals</Filter>
    </FxCompile>
  </ItemGroup>
  <ItemGroup>
    <ClCompile Include="DeferredRenderer.cpp">
      <Filter>Source</Filter>
    </ClCompile>
    <ClCompile Include="ObjLoader.cpp">
      <Filter>Source</Filter>
    </ClCompile>
    <ClCompile Include="PBREnvironment.cpp">
      <Filter>Source</Filter>
    </ClCompile>
    <ClCompile Include="RenderingContext.cpp">
      <Filter>Source</Filter>
    </ClCompile>
    <ClCompile Include="RenderMesh.cpp">
      <Filter>Source</Filter>
    </ClCompile>
    <ClCompile Include="VertexTypes.cpp">
      <Filter>Source</Filter>
    </ClCompile>
    <ClCompile Include="Resources.cpp">
      <Filter>Source</Filter>
    </ClCompile>
    <ClCompile Include="AnimationLoader.cpp">
      <Filter>Source</Filter>
    </ClCompile>
    <ClCompile Include="RenderSkin.cpp">
      <Filter>Source</Filter>
    </ClCompile>
    <ClCompile Include="Animation.cpp">
      <Filter>Source</Filter>
    </ClCompile>
    <ClCompile Include="Canvas.cpp">
      <Filter>Source</Filter>
    </ClCompile>
    <ClCompile Include="PostProcessItem.cpp">
      <Filter>Source</Filter>
    </ClCompile>
    <ClCompile Include="ImageLoader.cpp">
      <Filter>Source</Filter>
    </ClCompile>
    <ClCompile Include="MultiTexture.cpp">
      <Filter>Source</Filter>
    </ClCompile>
    <ClCompile Include="RenderTarget.cpp">
      <Filter>Source</Filter>
    </ClCompile>
    <ClCompile Include="RenderQueue.cpp">
      <Filter>Source</Filter>
    </ClCompile>
    <ClCompile Include="DeferredRendererObjects.cpp">
      <Filter>Source</Filter>
    </ClCompile>
    <ClCompile Include="GraphicsTimer.cpp">
      <Filter>Source</Filter>
    </ClCompile>
    <ClCompile Include="stdafx.cpp" />
    <ClCompile Include="MeshLoader.cpp">
      <Filter>Source</Filter>
    </ClCompile>
    <ClCompile Include="MeshController.cpp">
      <Filter>Source</Filter>
    </ClCompile>
    <ClCompile Include="SurfaceShader.cpp">
      <Filter>Source</Filter>
    </ClCompile>
  </ItemGroup>
  <ItemGroup>
    <None Include="Utils.hlsli">
      <Filter>Shaders</Filter>
    </None>
    <None Include="SurfaceShader.hlsli" />
    <None Include="DeferredShadingPBR.hlsli">
      <Filter>Shaders\Lighting</Filter>
    </None>
    <None Include="Particles.hlsli">
      <Filter>Shaders\Particles</Filter>
    </None>
    <None Include="BRDFModels.hlsli">
      <Filter>Shaders\Lighting</Filter>
    </None>
  </ItemGroup>
</Project>