<?xml version="1.0" encoding="utf-8"?>
<Project ToolsVersion="4.0" xmlns="http://schemas.microsoft.com/developer/msbuild/2003">
  <ItemGroup>
    <Filter Include="Shaders">
      <UniqueIdentifier>{a5528da6-895c-420d-b6b4-5c22cda97988}</UniqueIdentifier>
    </Filter>
    <Filter Include="Source">
      <UniqueIdentifier>{08157517-ead0-4934-9118-87c1588ebe7f}</UniqueIdentifier>
    </Filter>
  </ItemGroup>
  <ItemGroup>
    <ClInclude Include="AssetLoaders.h">
      <Filter>Source</Filter>
    </ClInclude>
    <ClInclude Include="DeferredRenderer.h">
      <Filter>Source</Filter>
    </ClInclude>
    <ClInclude Include="PBREnvironment.h">
      <Filter>Source</Filter>
    </ClInclude>
    <ClInclude Include="RenderingContext.h">
      <Filter>Source</Filter>
    </ClInclude>
    <ClInclude Include="RenderMesh.h">
      <Filter>Source</Filter>
    </ClInclude>
    <ClInclude Include="VertexTypes.h">
      <Filter>Source</Filter>
    </ClInclude>
    <ClInclude Include="stdafx.h" />
    <ClInclude Include="happy.h" />
    <ClInclude Include="Sphere.h">
      <Filter>Source</Filter>
    </ClInclude>
    <ClInclude Include="Resources.h">
      <Filter>Source</Filter>
    </ClInclude>
    <ClInclude Include="RenderSkin.h">
      <Filter>Source</Filter>
    </ClInclude>
    <ClInclude Include="Animation.h">
      <Filter>Source</Filter>
    </ClInclude>
    <ClInclude Include="SkinController.h">
      <Filter>Source</Filter>
    </ClInclude>
    <ClInclude Include="TextureHandle.h">
      <Filter>Source</Filter>
    </ClInclude>
    <ClInclude Include="Canvas.h">
      <Filter>Source</Filter>
    </ClInclude>
    <ClInclude Include="PostProcessItem.h">
      <Filter>Source</Filter>
    </ClInclude>
    <ClInclude Include="Cube.h">
      <Filter>Source</Filter>
    </ClInclude>
    <ClInclude Include="stb_image.h">
      <Filter>Source</Filter>
    </ClInclude>
    <ClInclude Include="MultiTexture.h">
      <Filter>Source</Filter>
    </ClInclude>
    <ClInclude Include="RenderTarget.h">
      <Filter>Source</Filter>
    </ClInclude>
    <ClInclude Include="RenderQueue.h">
      <Filter>Source</Filter>
    </ClInclude>
    <ClInclude Include="DeferredRendererConstBuffers.h">
      <Filter>Source</Filter>
    </ClInclude>
    <ClInclude Include="CBuffers.hlsli">
      <Filter>Shaders</Filter>
    </ClInclude>
    <ClInclude Include="GBufferCommon.hlsli">
      <Filter>Shaders</Filter>
    </ClInclude>
    <ClInclude Include="RendererCommon.hlsli">
      <Filter>Shaders</Filter>
    </ClInclude>
  </ItemGroup>
  <ItemGroup>
    <FxCompile Include="ConvolutionPS.hlsl">
      <Filter>Shaders</Filter>
    </FxCompile>
    <FxCompile Include="ConvolutionVS.hlsl">
      <Filter>Shaders</Filter>
    </FxCompile>
    <FxCompile Include="EnvironmentalLighting.hlsl">
      <Filter>Shaders</Filter>
    </FxCompile>
    <FxCompile Include="GeometryPS.hlsl">
      <Filter>Shaders</Filter>
    </FxCompile>
    <FxCompile Include="ScreenQuadVS.hlsl">
      <Filter>Shaders</Filter>
    </FxCompile>
    <FxCompile Include="VertexPositionNormalTangentBinormalTexcoord.hlsl">
      <Filter>Shaders</Filter>
    </FxCompile>
    <FxCompile Include="VertexPositionNormalTexcoord.hlsl">
      <Filter>Shaders</Filter>
    </FxCompile>
    <FxCompile Include="VertexPositionTexcoord.hlsl">
      <Filter>Shaders</Filter>
    </FxCompile>
    <FxCompile Include="PointLighting.hlsl">
      <Filter>Shaders</Filter>
    </FxCompile>
    <FxCompile Include="SphereVS.hlsl">
      <Filter>Shaders</Filter>
    </FxCompile>
    <FxCompile Include="VertexPositionNormalTangentBinormalTexcoordIndicesWeights.hlsl">
      <Filter>Shaders</Filter>
    </FxCompile>
    <FxCompile Include="CanvasVS.hlsl">
      <Filter>Shaders</Filter>
    </FxCompile>
    <FxCompile Include="CanvasPS.hlsl">
      <Filter>Shaders</Filter>
    </FxCompile>
    <FxCompile Include="CanvasTexPS.hlsl">
      <Filter>Shaders</Filter>
    </FxCompile>
    <FxCompile Include="DecalsPS.hlsl">
      <Filter>Shaders</Filter>
    </FxCompile>
    <FxCompile Include="GeometryAlphaStippledPS.hlsl">
      <Filter>Shaders</Filter>
    </FxCompile>
    <FxCompile Include="DeferredShadingPBR_ao_low.hlsl">
      <Filter>Shaders</Filter>
    </FxCompile>
    <FxCompile Include="DeferredShadingPBR_ao_high.hlsl">
      <Filter>Shaders</Filter>
    </FxCompile>
    <FxCompile Include="DeferredShadingPBR_ao_extreme.hlsl">
      <Filter>Shaders</Filter>
    </FxCompile>
    <FxCompile Include="DeferredShadingPBR_low.hlsl">
      <Filter>Shaders</Filter>
    </FxCompile>
    <FxCompile Include="DeferredShadingPBR_high.hlsl">
      <Filter>Shaders</Filter>
    </FxCompile>
    <FxCompile Include="DeferredShadingPBR_extreme.hlsl">
      <Filter>Shaders</Filter>
    </FxCompile>
    <FxCompile Include="DeferredShadingPBR_ao_normal.hlsl">
      <Filter>Shaders</Filter>
    </FxCompile>
    <FxCompile Include="DeferredShadingPBR_normal.hlsl">
      <Filter>Shaders</Filter>
    </FxCompile>
    <FxCompile Include="SSAO.hlsl">
      <Filter>Shaders</Filter>
    </FxCompile>
    <FxCompile Include="TAA.hlsl">
      <Filter>Shaders</Filter>
    </FxCompile>
  </ItemGroup>
  <ItemGroup>
    <ClCompile Include="DeferredRenderer.cpp">
      <Filter>Source</Filter>
    </ClCompile>
    <ClCompile Include="ObjLoader.cpp">
      <Filter>Source</Filter>
    </ClCompile>
    <ClCompile Include="PBREnvironment.cpp">
      <Filter>Source</Filter>
    </ClCompile>
    <ClCompile Include="RenderingContext.cpp">
      <Filter>Source</Filter>
    </ClCompile>
    <ClCompile Include="RenderMesh.cpp">
      <Filter>Source</Filter>
    </ClCompile>
    <ClCompile Include="VertexTypes.cpp">
      <Filter>Source</Filter>
    </ClCompile>
    <ClCompile Include="Resources.cpp">
      <Filter>Source</Filter>
    </ClCompile>
    <ClCompile Include="SkinLoader.cpp">
      <Filter>Source</Filter>
    </ClCompile>
    <ClCompile Include="AnimationLoader.cpp">
      <Filter>Source</Filter>
    </ClCompile>
    <ClCompile Include="RenderSkin.cpp">
      <Filter>Source</Filter>
    </ClCompile>
    <ClCompile Include="Animation.cpp">
      <Filter>Source</Filter>
    </ClCompile>
    <ClCompile Include="SkinController.cpp">
      <Filter>Source</Filter>
    </ClCompile>
    <ClCompile Include="Canvas.cpp">
      <Filter>Source</Filter>
    </ClCompile>
    <ClCompile Include="PostProcessItem.cpp">
      <Filter>Source</Filter>
    </ClCompile>
    <ClCompile Include="ImageLoader.cpp">
      <Filter>Source</Filter>
    </ClCompile>
    <ClCompile Include="MultiTexture.cpp">
      <Filter>Source</Filter>
    </ClCompile>
    <ClCompile Include="RenderTarget.cpp">
      <Filter>Source</Filter>
    </ClCompile>
    <ClCompile Include="RenderQueue.cpp">
      <Filter>Source</Filter>
    </ClCompile>
    <ClCompile Include="DeferredRendererObjects.cpp">
      <Filter>Source</Filter>
    </ClCompile>
  </ItemGroup>
  <ItemGroup>
    <None Include="DeferredShadingPBR.hlsli">
      <Filter>Shaders</Filter>
    </None>
    <None Include="Utils.hlsli">
      <Filter>Shaders</Filter>
    </None>
    <None Include="BRDFModels.hlsli">
      <Filter>Shaders</Filter>
    </None>
  </ItemGroup>
</Project>