<?xml version="1.0" encoding="utf-8"?>
<Project ToolsVersion="4.0" xmlns="http://schemas.microsoft.com/developer/msbuild/2003">
  <ItemGroup>
    <ClInclude Include="vec2.h" />
    <ClInclude Include="vec3.h" />
    <ClInclude Include="vec4.h" />
    <ClInclude Include="mat3.h" />
    <ClInclude Include="mat4.h" />
    <ClInclude Include="math_util.h" />
    <ClInclude Include="ray.h" />
    <ClInclude Include="store.h" />
    <ClInclude Include="intersection.h" />
    <ClInclude Include="factory.h" />
    <ClInclude Include="spatial_hash_map.h" />
    <ClInclude Include="halton.h" />
    <ClInclude Include="geometry_util.h" />
    <ClInclude Include="net_context.hpp" />
    <ClInclude Include="net.hpp" />
    <ClInclude Include="net_server.hpp" />
    <ClInclude Include="net_client.hpp" />
    <ClInclude Include="serialize.hpp" />
    <ClInclude Include="serialize_binary.hpp" />
    <ClInclude Include="serialize_text.hpp" />
    <ClInclude Include="net_node.hpp" />
    <ClInclude Include="net_visitors.hpp" />
  </ItemGroup>
  <ItemGroup>
    <ClCompile Include="vec2.cpp" />
    <ClCompile Include="vec3.cpp" />
    <ClCompile Include="vec4.cpp" />
    <ClCompile Include="mat3.cpp" />
    <ClCompile Include="mat4.cpp" />
    <ClCompile Include="store.cpp" />
    <ClCompile Include="intersection.cpp" />
    <ClCompile Include="spatial_hash_map.cpp" />
    <ClCompile Include="halton.cpp" />
    <ClCompile Include="geometry_util.cpp" />
    <ClCompile Include="serialize.cpp" />
  </ItemGroup>
</Project>